{
  "name": "zh-en_dict",
  "version": "1.0.0",
  "lockfileVersion": 2,
  "requires": true,
  "packages": {
    "": {
      "name": "zh-en_dict",
      "version": "1.0.0",
      "license": "ISC",
      "dependencies": {
        "opencc-js": "^1.0.4"
      }
    },
    "node_modules/opencc-js": {
      "version": "1.0.4",
      "resolved": "https://registry.npmjs.org/opencc-js/-/opencc-js-1.0.4.tgz",
      "integrity": "sha512-0vPnzCrUhmEKDakju7prFD851PW4LPyOMBUCx4g9ndu6s0X4s9bULJRe/Ns+kZVh9i7qPhC53xm4HeON1hHpVg=="
    }
  },
  "dependencies": {
    "opencc-js": {
      "version": "1.0.4",
      "resolved": "https://registry.npmjs.org/opencc-js/-/opencc-js-1.0.4.tgz",
      "integrity": "sha512-0vPnzCrUhmEKDakju7prFD851PW4LPyOMBUCx4g9ndu6s0X4s9bULJRe/Ns+kZVh9i7qPhC53xm4HeON1hHpVg=="
    }
  }
}
